
Microsoft Visual Studio Solution File, Format Version 12.00
# Visual Studio 2015
Project("{FAE04EC0-301F-11D3-BF4B-00C04F79EFBC}") = "Emunity.CSharp.Plugins", "Emunity.CSharp.Plugins.csproj", "{62D49AE7-2B52-DD83-99F2-3AA22C61C3A4}"
EndProject
Project("{FAE04EC0-301F-11D3-BF4B-00C04F79EFBC}") = "Emunity.CSharp", "Emunity.CSharp.csproj", "{E3B40364-8ED1-3892-E5B5-0273A7EF33A8}"
EndProject
Project("{FAE04EC0-301F-11D3-BF4B-00C04F79EFBC}") = "Emunity.CSharp.Editor.Plugins", "Emunity.CSharp.Editor.Plugins.csproj", "{A261C714-33C7-EA19-63BB-9EAA55D98A23}"
EndProject
Global
	GlobalSection(SolutionConfigurationPlatforms) = preSolution
		Debug|Any CPU = Debug|Any CPU
		Release|Any CPU = Release|Any CPU
	EndGlobalSection
	GlobalSection(ProjectConfigurationPlatforms) = postSolution
		{62D49AE7-2B52-DD83-99F2-3AA22C61C3A4}.Debug|Any CPU.ActiveCfg = Debug|Any CPU
		{62D49AE7-2B52-DD83-99F2-3AA22C61C3A4}.Debug|Any CPU.Build.0 = Debug|Any CPU
		{62D49AE7-2B52-DD83-99F2-3AA22C61C3A4}.Release|Any CPU.ActiveCfg = Release|Any CPU
		{62D49AE7-2B52-DD83-99F2-3AA22C61C3A4}.Release|Any CPU.Build.0 = Release|Any CPU
		{E3B40364-8ED1-3892-E5B5-0273A7EF33A8}.Debug|Any CPU.ActiveCfg = Debug|Any CPU
		{E3B40364-8ED1-3892-E5B5-0273A7EF33A8}.Debug|Any CPU.Build.0 = Debug|Any CPU
		{E3B40364-8ED1-3892-E5B5-0273A7EF33A8}.Release|Any CPU.ActiveCfg = Release|Any CPU
		{E3B40364-8ED1-3892-E5B5-0273A7EF33A8}.Release|Any CPU.Build.0 = Release|Any CPU
		{A261C714-33C7-EA19-63BB-9EAA55D98A23}.Debug|Any CPU.ActiveCfg = Debug|Any CPU
		{A261C714-33C7-EA19-63BB-9EAA55D98A23}.Debug|Any CPU.Build.0 = Debug|Any CPU
		{A261C714-33C7-EA19-63BB-9EAA55D98A23}.Release|Any CPU.ActiveCfg = Release|Any CPU
		{A261C714-33C7-EA19-63BB-9EAA55D98A23}.Release|Any CPU.Build.0 = Release|Any CPU
	EndGlobalSection
	GlobalSection(SolutionProperties) = preSolution
		HideSolutionNode = FALSE
	EndGlobalSection
EndGlobal
